
Microsoft Visual Studio Solution File, Format Version 12.00
# Visual Studio 15
VisualStudioVersion = 15.0.28307.1169
MinimumVisualStudioVersion = 10.0.40219.1
Project("{FAE04EC0-301F-11D3-BF4B-00C04F79EFBC}") = "PocJobsHangfire", "PocJobsHangfire\PocJobsHangfire.csproj", "{7139B99B-4128-4306-B369-E8FABF458FB8}"
EndProject
Global
	GlobalSection(SolutionConfigurationPlatforms) = preSolution
		Debug|Any CPU = Debug|Any CPU
		Release|Any CPU = Release|Any CPU
	EndGlobalSection
	GlobalSection(ProjectConfigurationPlatforms) = postSolution
		{7139B99B-4128-4306-B369-E8FABF458FB8}.Debug|Any CPU.ActiveCfg = Debug|Any CPU
		{7139B99B-4128-4306-B369-E8FABF458FB8}.Debug|Any CPU.Build.0 = Debug|Any CPU
		{7139B99B-4128-4306-B369-E8FABF458FB8}.Release|Any CPU.ActiveCfg = Release|Any CPU
		{7139B99B-4128-4306-B369-E8FABF458FB8}.Release|Any CPU.Build.0 = Release|Any CPU
	EndGlobalSection
	GlobalSection(SolutionProperties) = preSolution
		HideSolutionNode = FALSE
	EndGlobalSection
	GlobalSection(ExtensibilityGlobals) = postSolution
		SolutionGuid = {54268777-104F-4EF1-9192-887C3BA1DC60}
	EndGlobalSection
EndGlobal
